BASE_IMAGE_NAME="ubuntu-24.04-minimal-cloudimg-arm64.img"
BASE_IMAGE_URL="https://cloud-images.ubuntu.com/minimal/releases/noble/release/ubuntu-24.04-minimal-cloudimg-arm64.img"
BASE_IMAGE_SHA256="fbf6b15c50c474dc6dee5b3c74da212bb687a2625e877227828e6492d88dc151"
BASE_IMAGE_SIZE="229048320"
BASE_MANIFEST_NAME="ubuntu-24.04-minimal-cloudimg-arm64.manifest"
BASE_MANIFEST_URL="https://cloud-images.ubuntu.com/minimal/releases/noble/release/ubuntu-24.04-minimal-cloudimg-arm64.manifest"
BASE_MANIFEST_SHA256="09d340be00d2d7db2592c9b5a2da265fd8bbe8b1025c6f39d1b6e51702cdc248"
BASE_MANIFEST_SIZE="8805"
KERNEL_VERSION="6.8.0-146-generic"
